// !$*UTF8*$!
{
	archiveVersion = 1;
	classes = {
	};
	objectVersion = 48;
	objects = {

/* Begin PBXBuildFile section */
		615C7BE71F9A4DAE00B3D7FA /* AppDelegate.swift in Sources */ = {isa = PBXBuildFile; fileRef = 615C7BE61F9A4DAE00B3D7FA /* AppDelegate.swift */; };
		615C7BE91F9A4DAE00B3D7FA /* ViewController.swift in Sources */ = {isa = PBXBuildFile; fileRef = 615C7BE81F9A4DAE00B3D7FA /* ViewController.swift */; };
		615C7BEC1F9A4DAF00B3D7FA /* Main.storyboard in Resources */ = {isa = PBXBuildFile; fileRef = 615C7BEA1F9A4DAF00B3D7FA /* Main.storyboard */; };
		615C7BEE1F9A4DAF00B3D7FA /* Assets.xcassets in Resources */ = {isa = PBXBuildFile; fileRef = 615C7BED1F9A4DAF00B3D7FA /* Assets.xcassets */; };
		615C7BF11F9A4DAF00B3D7FA /* LaunchScreen.storyboard in Resources */ = {isa = PBXBuildFile; fileRef = 615C7BEF1F9A4DAF00B3D7FA /* LaunchScreen.storyboard */; };
		615C7C131F9A4F1100B3D7FA /* BaseViewController.swift in Sources */ = {isa = PBXBuildFile; fileRef = 615C7C121F9A4F1100B3D7FA /* BaseViewController.swift */; };
		615C7C151F9A4F4400B3D7FA /* HomeViewController.swift in Sources */ = {isa = PBXBuildFile; fileRef = 615C7C141F9A4F4400B3D7FA /* HomeViewController.swift */; };
		615C7C171F9A4F8100B3D7FA /* MyViewController.swift in Sources */ = {isa = PBXBuildFile; fileRef = 615C7C161F9A4F8100B3D7FA /* MyViewController.swift */; };
		615C7C191F9A4FB600B3D7FA /* HHTabBarViewController.swift in Sources */ = {isa = PBXBuildFile; fileRef = 615C7C181F9A4FB600B3D7FA /* HHTabBarViewController.swift */; };
		617A917A1FB0AD560065FF3A /* CreateStrategyViewController.swift in Sources */ = {isa = PBXBuildFile; fileRef = 617A91791FB0AD560065FF3A /* CreateStrategyViewController.swift */; };
		617A917C1FB0AD9E0065FF3A /* CreateStrategyHeaderView.swift in Sources */ = {isa = PBXBuildFile; fileRef = 617A917B1FB0AD9E0065FF3A /* CreateStrategyHeaderView.swift */; };
		617A917E1FB0B0AD0065FF3A /* UIScreen+House.swift in Sources */ = {isa = PBXBuildFile; fileRef = 617A917D1FB0B0AD0065FF3A /* UIScreen+House.swift */; };
		618094D91F9F7D0F0031A006 /* HomeViewModel.swift in Sources */ = {isa = PBXBuildFile; fileRef = 618094D81F9F7D0F0031A006 /* HomeViewModel.swift */; };
		618094DB1F9F7D4D0031A006 /* BaseViewModel.swift in Sources */ = {isa = PBXBuildFile; fileRef = 618094DA1F9F7D4D0031A006 /* BaseViewModel.swift */; };
		618094DF1F9F84DE0031A006 /* TopicModel.m in Sources */ = {isa = PBXBuildFile; fileRef = 618094DE1F9F84DE0031A006 /* TopicModel.m */; };
		618094E31F9F86040031A006 /* StrategyModel.m in Sources */ = {isa = PBXBuildFile; fileRef = 618094E21F9F86040031A006 /* StrategyModel.m */; };
		618094E51FA2163F0031A006 /* UIImage+HH.swift in Sources */ = {isa = PBXBuildFile; fileRef = 618094E41FA2163E0031A006 /* UIImage+HH.swift */; };
		618094E81FA217130031A006 /* UIImage+House.swift in Sources */ = {isa = PBXBuildFile; fileRef = 618094E71FA217130031A006 /* UIImage+House.swift */; };
		618F874A1F9E280900201826 /* HomeStrategyCell.swift in Sources */ = {isa = PBXBuildFile; fileRef = 618F87481F9E280900201826 /* HomeStrategyCell.swift */; };
		618F874B1F9E280A00201826 /* HomeStrategyCell.xib in Resources */ = {isa = PBXBuildFile; fileRef = 618F87491F9E280900201826 /* HomeStrategyCell.xib */; };
		61CDF3641FB4939B003C62DF /* ClipView.swift in Sources */ = {isa = PBXBuildFile; fileRef = 61CDF3591FB4939B003C62DF /* ClipView.swift */; };
		61CDF3651FB4939B003C62DF /* FolderCell.swift in Sources */ = {isa = PBXBuildFile; fileRef = 61CDF35A1FB4939B003C62DF /* FolderCell.swift */; };
		61CDF3661FB4939B003C62DF /* FolderListViewController.swift in Sources */ = {isa = PBXBuildFile; fileRef = 61CDF35B1FB4939B003C62DF /* FolderListViewController.swift */; };
		61CDF3671FB4939B003C62DF /* FolderListViewModel.swift in Sources */ = {isa = PBXBuildFile; fileRef = 61CDF35C1FB4939B003C62DF /* FolderListViewModel.swift */; };
		61CDF3681FB4939B003C62DF /* FolderModel.swift in Sources */ = {isa = PBXBuildFile; fileRef = 61CDF35D1FB4939B003C62DF /* FolderModel.swift */; };
		61CDF3691FB4939B003C62DF /* ImageCollectionCell.swift in Sources */ = {isa = PBXBuildFile; fileRef = 61CDF35E1FB4939B003C62DF /* ImageCollectionCell.swift */; };
		61CDF36A1FB4939B003C62DF /* ImageDetailViewController.swift in Sources */ = {isa = PBXBuildFile; fileRef = 61CDF35F1FB4939B003C62DF /* ImageDetailViewController.swift */; };
		61CDF36B1FB4939B003C62DF /* ImageListViewController.swift in Sources */ = {isa = PBXBuildFile; fileRef = 61CDF3601FB4939B003C62DF /* ImageListViewController.swift */; };
		61CDF36C1FB4939B003C62DF /* ImagePicker.swift in Sources */ = {isa = PBXBuildFile; fileRef = 61CDF3611FB4939B003C62DF /* ImagePicker.swift */; };
		61CDF36D1FB4939B003C62DF /* ScalableImageView.swift in Sources */ = {isa = PBXBuildFile; fileRef = 61CDF3621FB4939B003C62DF /* ScalableImageView.swift */; };
		61CDF36E1FB4939B003C62DF /* UIImage+Clip.swift in Sources */ = {isa = PBXBuildFile; fileRef = 61CDF3631FB4939B003C62DF /* UIImage+Clip.swift */; };
		61CDF3701FB49458003C62DF /* UIView+Position.swift in Sources */ = {isa = PBXBuildFile; fileRef = 61CDF36F1FB49458003C62DF /* UIView+Position.swift */; };
		61CDF3721FB49B48003C62DF /* Photos.framework in Frameworks */ = {isa = PBXBuildFile; fileRef = 61CDF3711FB49B47003C62DF /* Photos.framework */; };
		61CDF3741FCA8A10003C62DF /* Strategy.swift in Sources */ = {isa = PBXBuildFile; fileRef = 61CDF3731FCA8A10003C62DF /* Strategy.swift */; };
		61CDF3761FCDA8F9003C62DF /* TopicView.swift in Sources */ = {isa = PBXBuildFile; fileRef = 61CDF3751FCDA8F9003C62DF /* TopicView.swift */; };
		944B5BFD1FCE402B00EFF8BB /* TopicSelectViewController.swift in Sources */ = {isa = PBXBuildFile; fileRef = 944B5BFC1FCE402B00EFF8BB /* TopicSelectViewController.swift */; };
		944B5BFF1FCE425800EFF8BB /* TopicSelectViewModel.swift in Sources */ = {isa = PBXBuildFile; fileRef = 944B5BFE1FCE425800EFF8BB /* TopicSelectViewModel.swift */; };
		944B5C011FCE42A600EFF8BB /* Topic.swift in Sources */ = {isa = PBXBuildFile; fileRef = 944B5C001FCE42A600EFF8BB /* Topic.swift */; };
		944B5C041FCE42C500EFF8BB /* TopicSelectCell.swift in Sources */ = {isa = PBXBuildFile; fileRef = 944B5C021FCE42C500EFF8BB /* TopicSelectCell.swift */; };
		944B5C051FCE42C500EFF8BB /* TopicSelectCell.xib in Resources */ = {isa = PBXBuildFile; fileRef = 944B5C031FCE42C500EFF8BB /* TopicSelectCell.xib */; };
		944C5F381FCD4530007C9E2C /* CreateStrategyViewModel.swift in Sources */ = {isa = PBXBuildFile; fileRef = 944C5F371FCD4530007C9E2C /* CreateStrategyViewModel.swift */; };
		944C5F3B1FCD4DD5007C9E2C /* InputView.swift in Sources */ = {isa = PBXBuildFile; fileRef = 944C5F3A1FCD4DD5007C9E2C /* InputView.swift */; };
		CDBB98FAE61B743D1AD12785 /* Pods_HouseHold.framework in Frameworks */ = {isa = PBXBuildFile; fileRef = A96D11C2D0C18A40183F5675 /* Pods_HouseHold.framework */; };
/* End PBXBuildFile section */

/* Begin PBXFileReference section */
		0D562E5631FAB0597B8ED51F /* Pods-HouseHold.release.xcconfig */ = {isa = PBXFileReference; includeInIndex = 1; lastKnownFileType = text.xcconfig; name = "Pods-HouseHold.release.xcconfig"; path = "Pods/Target Support Files/Pods-HouseHold/Pods-HouseHold.release.xcconfig"; sourceTree = "<group>"; };
		615C7BE31F9A4DAE00B3D7FA /* HouseHold.app */ = {isa = PBXFileReference; explicitFileType = wrapper.application; includeInIndex = 0; path = HouseHold.app; sourceTree = BUILT_PRODUCTS_DIR; };
		615C7BE61F9A4DAE00B3D7FA /* AppDelegate.swift */ = {isa = PBXFileReference; lastKnownFileType = sourcecode.swift; path = AppDelegate.swift; sourceTree = "<group>"; };
		615C7BE81F9A4DAE00B3D7FA /* ViewController.swift */ = {isa = PBXFileReference; lastKnownFileType = sourcecode.swift; path = ViewController.swift; sourceTree = "<group>"; };
		615C7BEB1F9A4DAF00B3D7FA /* Base */ = {isa = PBXFileReference; lastKnownFileType = file.storyboard; name = Base; path = Base.lproj/Main.storyboard; sourceTree = "<group>"; };
		615C7BED1F9A4DAF00B3D7FA /* Assets.xcassets */ = {isa = PBXFileReference; lastKnownFileType = folder.assetcatalog; path = Assets.xcassets; sourceTree = "<group>"; };
		615C7BF01F9A4DAF00B3D7FA /* Base */ = {isa = PBXFileReference; lastKnownFileType = file.storyboard; name = Base; path = Base.lproj/LaunchScreen.storyboard; sourceTree = "<group>"; };
		615C7BF21F9A4DAF00B3D7FA /* Info.plist */ = {isa = PBXFileReference; lastKnownFileType = text.plist.xml; path = Info.plist; sourceTree = "<group>"; };
		615C7C121F9A4F1100B3D7FA /* BaseViewController.swift */ = {isa = PBXFileReference; lastKnownFileType = sourcecode.swift; path = BaseViewController.swift; sourceTree = "<group>"; };
		615C7C141F9A4F4400B3D7FA /* HomeViewController.swift */ = {isa = PBXFileReference; lastKnownFileType = sourcecode.swift; path = HomeViewController.swift; sourceTree = "<group>"; };
		615C7C161F9A4F8100B3D7FA /* MyViewController.swift */ = {isa = PBXFileReference; lastKnownFileType = sourcecode.swift; path = MyViewController.swift; sourceTree = "<group>"; };
		615C7C181F9A4FB600B3D7FA /* HHTabBarViewController.swift */ = {isa = PBXFileReference; lastKnownFileType = sourcecode.swift; path = HHTabBarViewController.swift; sourceTree = "<group>"; };
		617A91791FB0AD560065FF3A /* CreateStrategyViewController.swift */ = {isa = PBXFileReference; lastKnownFileType = sourcecode.swift; path = CreateStrategyViewController.swift; sourceTree = "<group>"; };
		617A917B1FB0AD9E0065FF3A /* CreateStrategyHeaderView.swift */ = {isa = PBXFileReference; lastKnownFileType = sourcecode.swift; path = CreateStrategyHeaderView.swift; sourceTree = "<group>"; };
		617A917D1FB0B0AD0065FF3A /* UIScreen+House.swift */ = {isa = PBXFileReference; lastKnownFileType = sourcecode.swift; path = "UIScreen+House.swift"; sourceTree = "<group>"; };
		618094D81F9F7D0F0031A006 /* HomeViewModel.swift */ = {isa = PBXFileReference; lastKnownFileType = sourcecode.swift; path = HomeViewModel.swift; sourceTree = "<group>"; };
		618094DA1F9F7D4D0031A006 /* BaseViewModel.swift */ = {isa = PBXFileReference; lastKnownFileType = sourcecode.swift; path = BaseViewModel.swift; sourceTree = "<group>"; };
		618094DD1F9F84DE0031A006 /* TopicModel.h */ = {isa = PBXFileReference; lastKnownFileType = sourcecode.c.h; path = TopicModel.h; sourceTree = "<group>"; };
		618094DE1F9F84DE0031A006 /* TopicModel.m */ = {isa = PBXFileReference; lastKnownFileType = sourcecode.c.objc; path = TopicModel.m; sourceTree = "<group>"; };
		618094E01F9F85090031A006 /* HouseHold-Bridging-Header.h */ = {isa = PBXFileReference; fileEncoding = 4; lastKnownFileType = sourcecode.c.h; path = "HouseHold-Bridging-Header.h"; sourceTree = "<group>"; };
		618094E11F9F86040031A006 /* StrategyModel.h */ = {isa = PBXFileReference; lastKnownFileType = sourcecode.c.h; path = StrategyModel.h; sourceTree = "<group>"; };
		618094E21F9F86040031A006 /* StrategyModel.m */ = {isa = PBXFileReference; lastKnownFileType = sourcecode.c.objc; path = StrategyModel.m; sourceTree = "<group>"; };
		618094E41FA2163E0031A006 /* UIImage+HH.swift */ = {isa = PBXFileReference; lastKnownFileType = sourcecode.swift; path = "UIImage+HH.swift"; sourceTree = "<group>"; };
		618094E71FA217130031A006 /* UIImage+House.swift */ = {isa = PBXFileReference; lastKnownFileType = sourcecode.swift; path = "UIImage+House.swift"; sourceTree = "<group>"; };
		618F87481F9E280900201826 /* HomeStrategyCell.swift */ = {isa = PBXFileReference; lastKnownFileType = sourcecode.swift; path = HomeStrategyCell.swift; sourceTree = "<group>"; };
		618F87491F9E280900201826 /* HomeStrategyCell.xib */ = {isa = PBXFileReference; lastKnownFileType = file.xib; path = HomeStrategyCell.xib; sourceTree = "<group>"; };
		61CDF3591FB4939B003C62DF /* ClipView.swift */ = {isa = PBXFileReference; fileEncoding = 4; lastKnownFileType = sourcecode.swift; path = ClipView.swift; sourceTree = "<group>"; };
		61CDF35A1FB4939B003C62DF /* FolderCell.swift */ = {isa = PBXFileReference; fileEncoding = 4; lastKnownFileType = sourcecode.swift; path = FolderCell.swift; sourceTree = "<group>"; };
		61CDF35B1FB4939B003C62DF /* FolderListViewController.swift */ = {isa = PBXFileReference; fileEncoding = 4; lastKnownFileType = sourcecode.swift; path = FolderListViewController.swift; sourceTree = "<group>"; };
		61CDF35C1FB4939B003C62DF /* FolderListViewModel.swift */ = {isa = PBXFileReference; fileEncoding = 4; lastKnownFileType = sourcecode.swift; path = FolderListViewModel.swift; sourceTree = "<group>"; };
		61CDF35D1FB4939B003C62DF /* FolderModel.swift */ = {isa = PBXFileReference; fileEncoding = 4; lastKnownFileType = sourcecode.swift; path = FolderModel.swift; sourceTree = "<group>"; };
		61CDF35E1FB4939B003C62DF /* ImageCollectionCell.swift */ = {isa = PBXFileReference; fileEncoding = 4; lastKnownFileType = sourcecode.swift; path = ImageCollectionCell.swift; sourceTree = "<group>"; };
		61CDF35F1FB4939B003C62DF /* ImageDetailViewController.swift */ = {isa = PBXFileReference; fileEncoding = 4; lastKnownFileType = sourcecode.swift; path = ImageDetailViewController.swift; sourceTree = "<group>"; };
		61CDF3601FB4939B003C62DF /* ImageListViewController.swift */ = {isa = PBXFileReference; fileEncoding = 4; lastKnownFileType = sourcecode.swift; path = ImageListViewController.swift; sourceTree = "<group>"; };
		61CDF3611FB4939B003C62DF /* ImagePicker.swift */ = {isa = PBXFileReference; fileEncoding = 4; lastKnownFileType = sourcecode.swift; path = ImagePicker.swift; sourceTree = "<group>"; };
		61CDF3621FB4939B003C62DF /* ScalableImageView.swift */ = {isa = PBXFileReference; fileEncoding = 4; lastKnownFileType = sourcecode.swift; path = ScalableImageView.swift; sourceTree = "<group>"; };
		61CDF3631FB4939B003C62DF /* UIImage+Clip.swift */ = {isa = PBXFileReference; fileEncoding = 4; lastKnownFileType = sourcecode.swift; path = "UIImage+Clip.swift"; sourceTree = "<group>"; };
		61CDF36F1FB49458003C62DF /* UIView+Position.swift */ = {isa = PBXFileReference; fileEncoding = 4; lastKnownFileType = sourcecode.swift; path = "UIView+Position.swift"; sourceTree = "<group>"; };
		61CDF3711FB49B47003C62DF /* Photos.framework */ = {isa = PBXFileReference; lastKnownFileType = wrapper.framework; name = Photos.framework; path = System/Library/Frameworks/Photos.framework; sourceTree = SDKROOT; };
		61CDF3731FCA8A10003C62DF /* Strategy.swift */ = {isa = PBXFileReference; lastKnownFileType = sourcecode.swift; path = Strategy.swift; sourceTree = "<group>"; };
		61CDF3751FCDA8F9003C62DF /* TopicView.swift */ = {isa = PBXFileReference; lastKnownFileType = sourcecode.swift; path = TopicView.swift; sourceTree = "<group>"; };
		944B5BFC1FCE402B00EFF8BB /* TopicSelectViewController.swift */ = {isa = PBXFileReference; lastKnownFileType = sourcecode.swift; path = TopicSelectViewController.swift; sourceTree = "<group>"; };
		944B5BFE1FCE425800EFF8BB /* TopicSelectViewModel.swift */ = {isa = PBXFileReference; lastKnownFileType = sourcecode.swift; path = TopicSelectViewModel.swift; sourceTree = "<group>"; };
		944B5C001FCE42A600EFF8BB /* Topic.swift */ = {isa = PBXFileReference; fileEncoding = 4; lastKnownFileType = sourcecode.swift; path = Topic.swift; sourceTree = "<group>"; };
		944B5C021FCE42C500EFF8BB /* TopicSelectCell.swift */ = {isa = PBXFileReference; lastKnownFileType = sourcecode.swift; path = TopicSelectCell.swift; sourceTree = "<group>"; };
		944B5C031FCE42C500EFF8BB /* TopicSelectCell.xib */ = {isa = PBXFileReference; lastKnownFileType = file.xib; path = TopicSelectCell.xib; sourceTree = "<group>"; };
		944C5F371FCD4530007C9E2C /* CreateStrategyViewModel.swift */ = {isa = PBXFileReference; lastKnownFileType = sourcecode.swift; path = CreateStrategyViewModel.swift; sourceTree = "<group>"; };
		944C5F3A1FCD4DD5007C9E2C /* InputView.swift */ = {isa = PBXFileReference; lastKnownFileType = sourcecode.swift; path = InputView.swift; sourceTree = "<group>"; };
		A96D11C2D0C18A40183F5675 /* Pods_HouseHold.framework */ = {isa = PBXFileReference; explicitFileType = wrapper.framework; includeInIndex = 0; path = Pods_HouseHold.framework; sourceTree = BUILT_PRODUCTS_DIR; };
		A9CAEF116284A113599D6EC2 /* Pods-HouseHold.debug.xcconfig */ = {isa = PBXFileReference; includeInIndex = 1; lastKnownFileType = text.xcconfig; name = "Pods-HouseHold.debug.xcconfig"; path = "Pods/Target Support Files/Pods-HouseHold/Pods-HouseHold.debug.xcconfig"; sourceTree = "<group>"; };
/* End PBXFileReference section */

/* Begin PBXFrameworksBuildPhase section */
		615C7BE01F9A4DAE00B3D7FA /* Frameworks */ = {
			isa = PBXFrameworksBuildPhase;
			buildActionMask = 2147483647;
			files = (
				61CDF3721FB49B48003C62DF /* Photos.framework in Frameworks */,
				CDBB98FAE61B743D1AD12785 /* Pods_HouseHold.framework in Frameworks */,
			);
			runOnlyForDeploymentPostprocessing = 0;
		};
/* End PBXFrameworksBuildPhase section */

/* Begin PBXGroup section */
		615C7BDA1F9A4DAE00B3D7FA = {
			isa = PBXGroup;
			children = (
				615C7BE51F9A4DAE00B3D7FA /* HouseHold */,
				615C7BE41F9A4DAE00B3D7FA /* Products */,
				65F7A7CBB5DDCBBAB061BF64 /* Pods */,
				A580012E7A66BBD9E98B28E1 /* Frameworks */,
			);
			sourceTree = "<group>";
		};
		615C7BE41F9A4DAE00B3D7FA /* Products */ = {
			isa = PBXGroup;
			children = (
				615C7BE31F9A4DAE00B3D7FA /* HouseHold.app */,
			);
			name = Products;
			sourceTree = "<group>";
		};
		615C7BE51F9A4DAE00B3D7FA /* HouseHold */ = {
			isa = PBXGroup;
			children = (
				618094E01F9F85090031A006 /* HouseHold-Bridging-Header.h */,
				615C7BFC1F9A4ED100B3D7FA /* Classes */,
				615C7BF81F9A4ED100B3D7FA /* Core */,
				615C7BE61F9A4DAE00B3D7FA /* AppDelegate.swift */,
				615C7BE81F9A4DAE00B3D7FA /* ViewController.swift */,
				615C7BEA1F9A4DAF00B3D7FA /* Main.storyboard */,
				615C7BED1F9A4DAF00B3D7FA /* Assets.xcassets */,
				615C7BEF1F9A4DAF00B3D7FA /* LaunchScreen.storyboard */,
				615C7BF21F9A4DAF00B3D7FA /* Info.plist */,
			);
			path = HouseHold;
			sourceTree = "<group>";
		};
		615C7BF81F9A4ED100B3D7FA /* Core */ = {
			isa = PBXGroup;
			children = (
				615C7BF91F9A4ED100B3D7FA /* Controller */,
				615C7BFA1F9A4ED100B3D7FA /* Extension */,
				615C7BFB1F9A4ED100B3D7FA /* View */,
			);
			path = Core;
			sourceTree = "<group>";
		};
		615C7BF91F9A4ED100B3D7FA /* Controller */ = {
			isa = PBXGroup;
			children = (
			);
			path = Controller;
			sourceTree = "<group>";
		};
		615C7BFA1F9A4ED100B3D7FA /* Extension */ = {
			isa = PBXGroup;
			children = (
				618094E41FA2163E0031A006 /* UIImage+HH.swift */,
			);
			path = Extension;
			sourceTree = "<group>";
		};
		615C7BFB1F9A4ED100B3D7FA /* View */ = {
			isa = PBXGroup;
			children = (
				944C5F391FCD4DC3007C9E2C /* InputView */,
				61CDF3581FB4939B003C62DF /* ImagePicker */,
			);
			path = View;
			sourceTree = "<group>";
		};
		615C7BFC1F9A4ED100B3D7FA /* Classes */ = {
			isa = PBXGroup;
			children = (
				944B5BF71FCE3FB200EFF8BB /* Topic */,
				615C7BFD1F9A4ED100B3D7FA /* Base */,
				615C7C021F9A4ED100B3D7FA /* Home */,
				615C7C071F9A4ED100B3D7FA /* My */,
				615C7C0C1F9A4ED100B3D7FA /* Strategy */,
			);
			path = Classes;
			sourceTree = "<group>";
		};
		615C7BFD1F9A4ED100B3D7FA /* Base */ = {
			isa = PBXGroup;
			children = (
				618094E61FA216FB0031A006 /* Extension */,
				615C7C111F9A4EF000B3D7FA /* Controller */,
				615C7BFE1F9A4ED100B3D7FA /* Model */,
				615C7BFF1F9A4ED100B3D7FA /* View */,
				615C7C011F9A4ED100B3D7FA /* ViewModel */,
			);
			path = Base;
			sourceTree = "<group>";
		};
		615C7BFE1F9A4ED100B3D7FA /* Model */ = {
			isa = PBXGroup;
			children = (
			);
			path = Model;
			sourceTree = "<group>";
		};
		615C7BFF1F9A4ED100B3D7FA /* View */ = {
			isa = PBXGroup;
			children = (
			);
			path = View;
			sourceTree = "<group>";
		};
		615C7C011F9A4ED100B3D7FA /* ViewModel */ = {
			isa = PBXGroup;
			children = (
				618094DA1F9F7D4D0031A006 /* BaseViewModel.swift */,
			);
			path = ViewModel;
			sourceTree = "<group>";
		};
		615C7C021F9A4ED100B3D7FA /* Home */ = {
			isa = PBXGroup;
			children = (
				615C7C031F9A4ED100B3D7FA /* Controller */,
				615C7C041F9A4ED100B3D7FA /* Model */,
				615C7C051F9A4ED100B3D7FA /* View */,
				615C7C061F9A4ED100B3D7FA /* ViewModel */,
			);
			path = Home;
			sourceTree = "<group>";
		};
		615C7C031F9A4ED100B3D7FA /* Controller */ = {
			isa = PBXGroup;
			children = (
				615C7C141F9A4F4400B3D7FA /* HomeViewController.swift */,
			);
			path = Controller;
			sourceTree = "<group>";
		};
		615C7C041F9A4ED100B3D7FA /* Model */ = {
			isa = PBXGroup;
			children = (
			);
			path = Model;
			sourceTree = "<group>";
		};
		615C7C051F9A4ED100B3D7FA /* View */ = {
			isa = PBXGroup;
			children = (
				618F87481F9E280900201826 /* HomeStrategyCell.swift */,
				618F87491F9E280900201826 /* HomeStrategyCell.xib */,
			);
			path = View;
			sourceTree = "<group>";
		};
		615C7C061F9A4ED100B3D7FA /* ViewModel */ = {
			isa = PBXGroup;
			children = (
				618094D81F9F7D0F0031A006 /* HomeViewModel.swift */,
			);
			path = ViewModel;
			sourceTree = "<group>";
		};
		615C7C071F9A4ED100B3D7FA /* My */ = {
			isa = PBXGroup;
			children = (
				615C7C081F9A4ED100B3D7FA /* Controller */,
				615C7C091F9A4ED100B3D7FA /* Model */,
				615C7C0A1F9A4ED100B3D7FA /* View */,
				615C7C0B1F9A4ED100B3D7FA /* ViewModel */,
			);
			path = My;
			sourceTree = "<group>";
		};
		615C7C081F9A4ED100B3D7FA /* Controller */ = {
			isa = PBXGroup;
			children = (
				615C7C161F9A4F8100B3D7FA /* MyViewController.swift */,
			);
			path = Controller;
			sourceTree = "<group>";
		};
		615C7C091F9A4ED100B3D7FA /* Model */ = {
			isa = PBXGroup;
			children = (
			);
			path = Model;
			sourceTree = "<group>";
		};
		615C7C0A1F9A4ED100B3D7FA /* View */ = {
			isa = PBXGroup;
			children = (
			);
			path = View;
			sourceTree = "<group>";
		};
		615C7C0B1F9A4ED100B3D7FA /* ViewModel */ = {
			isa = PBXGroup;
			children = (
			);
			path = ViewModel;
			sourceTree = "<group>";
		};
		615C7C0C1F9A4ED100B3D7FA /* Strategy */ = {
			isa = PBXGroup;
			children = (
				944C5F331FCD44F6007C9E2C /* ViewModel */,
				615C7C0D1F9A4ED100B3D7FA /* Controller */,
				615C7C0E1F9A4ED100B3D7FA /* Model */,
				615C7C0F1F9A4ED100B3D7FA /* View */,
			);
			path = Strategy;
			sourceTree = "<group>";
		};
		615C7C0D1F9A4ED100B3D7FA /* Controller */ = {
			isa = PBXGroup;
			children = (
				617A91791FB0AD560065FF3A /* CreateStrategyViewController.swift */,
			);
			path = Controller;
			sourceTree = "<group>";
		};
		615C7C0E1F9A4ED100B3D7FA /* Model */ = {
			isa = PBXGroup;
			children = (
				618094DD1F9F84DE0031A006 /* TopicModel.h */,
				618094DE1F9F84DE0031A006 /* TopicModel.m */,
				618094E11F9F86040031A006 /* StrategyModel.h */,
				618094E21F9F86040031A006 /* StrategyModel.m */,
				61CDF3731FCA8A10003C62DF /* Strategy.swift */,
			);
			path = Model;
			sourceTree = "<group>";
		};
		615C7C0F1F9A4ED100B3D7FA /* View */ = {
			isa = PBXGroup;
			children = (
				617A917B1FB0AD9E0065FF3A /* CreateStrategyHeaderView.swift */,
				61CDF3751FCDA8F9003C62DF /* TopicView.swift */,
			);
			path = View;
			sourceTree = "<group>";
		};
		615C7C111F9A4EF000B3D7FA /* Controller */ = {
			isa = PBXGroup;
			children = (
				615C7C121F9A4F1100B3D7FA /* BaseViewController.swift */,
				615C7C181F9A4FB600B3D7FA /* HHTabBarViewController.swift */,
			);
			path = Controller;
			sourceTree = "<group>";
		};
		618094E61FA216FB0031A006 /* Extension */ = {
			isa = PBXGroup;
			children = (
				61CDF36F1FB49458003C62DF /* UIView+Position.swift */,
				618094E71FA217130031A006 /* UIImage+House.swift */,
				617A917D1FB0B0AD0065FF3A /* UIScreen+House.swift */,
			);
			path = Extension;
			sourceTree = "<group>";
		};
		61CDF3581FB4939B003C62DF /* ImagePicker */ = {
			isa = PBXGroup;
			children = (
				61CDF3591FB4939B003C62DF /* ClipView.swift */,
				61CDF35A1FB4939B003C62DF /* FolderCell.swift */,
				61CDF35B1FB4939B003C62DF /* FolderListViewController.swift */,
				61CDF35C1FB4939B003C62DF /* FolderListViewModel.swift */,
				61CDF35D1FB4939B003C62DF /* FolderModel.swift */,
				61CDF35E1FB4939B003C62DF /* ImageCollectionCell.swift */,
				61CDF35F1FB4939B003C62DF /* ImageDetailViewController.swift */,
				61CDF3601FB4939B003C62DF /* ImageListViewController.swift */,
				61CDF3611FB4939B003C62DF /* ImagePicker.swift */,
				61CDF3621FB4939B003C62DF /* ScalableImageView.swift */,
				61CDF3631FB4939B003C62DF /* UIImage+Clip.swift */,
			);
			path = ImagePicker;
			sourceTree = "<group>";
		};
		65F7A7CBB5DDCBBAB061BF64 /* Pods */ = {
			isa = PBXGroup;
			children = (
				A9CAEF116284A113599D6EC2 /* Pods-HouseHold.debug.xcconfig */,
				0D562E5631FAB0597B8ED51F /* Pods-HouseHold.release.xcconfig */,
			);
			name = Pods;
			sourceTree = "<group>";
		};
		944B5BF71FCE3FB200EFF8BB /* Topic */ = {
			isa = PBXGroup;
			children = (
				944B5BF81FCE3FB200EFF8BB /* Controller */,
				944B5BF91FCE3FB200EFF8BB /* Model */,
				944B5BFA1FCE3FB200EFF8BB /* View */,
				944B5BFB1FCE3FB200EFF8BB /* ViewModel */,
			);
			path = Topic;
			sourceTree = "<group>";
		};
		944B5BF81FCE3FB200EFF8BB /* Controller */ = {
			isa = PBXGroup;
			children = (
				944B5BFC1FCE402B00EFF8BB /* TopicSelectViewController.swift */,
			);
			path = Controller;
			sourceTree = "<group>";
		};
		944B5BF91FCE3FB200EFF8BB /* Model */ = {
			isa = PBXGroup;
			children = (
				944B5C001FCE42A600EFF8BB /* Topic.swift */,
			);
			path = Model;
			sourceTree = "<group>";
		};
		944B5BFA1FCE3FB200EFF8BB /* View */ = {
			isa = PBXGroup;
			children = (
				944B5C021FCE42C500EFF8BB /* TopicSelectCell.swift */,
				944B5C031FCE42C500EFF8BB /* TopicSelectCell.xib */,
			);
			path = View;
			sourceTree = "<group>";
		};
		944B5BFB1FCE3FB200EFF8BB /* ViewModel */ = {
			isa = PBXGroup;
			children = (
				944B5BFE1FCE425800EFF8BB /* TopicSelectViewModel.swift */,
			);
			path = ViewModel;
			sourceTree = "<group>";
		};
		944C5F331FCD44F6007C9E2C /* ViewModel */ = {
			isa = PBXGroup;
			children = (
				944C5F371FCD4530007C9E2C /* CreateStrategyViewModel.swift */,
			);
			path = ViewModel;
			sourceTree = "<group>";
		};
		944C5F391FCD4DC3007C9E2C /* InputView */ = {
			isa = PBXGroup;
			children = (
				944C5F3A1FCD4DD5007C9E2C /* InputView.swift */,
			);
			path = InputView;
			sourceTree = "<group>";
		};
		A580012E7A66BBD9E98B28E1 /* Frameworks */ = {
			isa = PBXGroup;
			children = (
				61CDF3711FB49B47003C62DF /* Photos.framework */,
				A96D11C2D0C18A40183F5675 /* Pods_HouseHold.framework */,
			);
			name = Frameworks;
			sourceTree = "<group>";
		};
/* End PBXGroup section */

/* Begin PBXNativeTarget section */
		615C7BE21F9A4DAE00B3D7FA /* HouseHold */ = {
			isa = PBXNativeTarget;
			buildConfigurationList = 615C7BF51F9A4DAF00B3D7FA /* Build configuration list for PBXNativeTarget "HouseHold" */;
			buildPhases = (
				101E8359F8E6AAA2A5E0BBFB /* [CP] Check Pods Manifest.lock */,
				615C7BDF1F9A4DAE00B3D7FA /* Sources */,
				615C7BE01F9A4DAE00B3D7FA /* Frameworks */,
				615C7BE11F9A4DAE00B3D7FA /* Resources */,
				7754B4A23BDC63BE58CF2647 /* [CP] Embed Pods Frameworks */,
				D6B7E944BFB2A5CBB01BFB51 /* [CP] Copy Pods Resources */,
			);
			buildRules = (
			);
			dependencies = (
			);
			name = HouseHold;
			productName = HouseHold;
			productReference = 615C7BE31F9A4DAE00B3D7FA /* HouseHold.app */;
			productType = "com.apple.product-type.application";
		};
/* End PBXNativeTarget section */

/* Begin PBXProject section */
		615C7BDB1F9A4DAE00B3D7FA /* Project object */ = {
			isa = PBXProject;
			attributes = {
				LastSwiftUpdateCheck = 0900;
				LastUpgradeCheck = 0900;
				ORGANIZATIONNAME = brant;
				TargetAttributes = {
					615C7BE21F9A4DAE00B3D7FA = {
						CreatedOnToolsVersion = 9.0;
						LastSwiftMigration = 0900;
						ProvisioningStyle = Automatic;
					};
				};
			};
			buildConfigurationList = 615C7BDE1F9A4DAE00B3D7FA /* Build configuration list for PBXProject "HouseHold" */;
			compatibilityVersion = "Xcode 8.0";
			developmentRegion = en;
			hasScannedForEncodings = 0;
			knownRegions = (
				en,
				Base,
			);
			mainGroup = 615C7BDA1F9A4DAE00B3D7FA;
			productRefGroup = 615C7BE41F9A4DAE00B3D7FA /* Products */;
			projectDirPath = "";
			projectRoot = "";
			targets = (
				615C7BE21F9A4DAE00B3D7FA /* HouseHold */,
			);
		};
/* End PBXProject section */

/* Begin PBXResourcesBuildPhase section */
		615C7BE11F9A4DAE00B3D7FA /* Resources */ = {
			isa = PBXResourcesBuildPhase;
			buildActionMask = 2147483647;
			files = (
				615C7BF11F9A4DAF00B3D7FA /* LaunchScreen.storyboard in Resources */,
				618F874B1F9E280A00201826 /* HomeStrategyCell.xib in Resources */,
				615C7BEE1F9A4DAF00B3D7FA /* Assets.xcassets in Resources */,
				944B5C051FCE42C500EFF8BB /* TopicSelectCell.xib in Resources */,
				615C7BEC1F9A4DAF00B3D7FA /* Main.storyboard in Resources */,
			);
			runOnlyForDeploymentPostprocessing = 0;
		};
/* End PBXResourcesBuildPhase section */

/* Begin PBXShellScriptBuildPhase section */
		101E8359F8E6AAA2A5E0BBFB /* [CP] Check Pods Manifest.lock */ = {
			isa = PBXShellScriptBuildPhase;
			buildActionMask = 2147483647;
			files = (
			);
			inputPaths = (
				"${PODS_PODFILE_DIR_PATH}/Podfile.lock",
				"${PODS_ROOT}/Manifest.lock",
			);
			name = "[CP] Check Pods Manifest.lock";
			outputPaths = (
				"$(DERIVED_FILE_DIR)/Pods-HouseHold-checkManifestLockResult.txt",
			);
			runOnlyForDeploymentPostprocessing = 0;
			shellPath = /bin/sh;
			shellScript = "diff \"${PODS_PODFILE_DIR_PATH}/Podfile.lock\" \"${PODS_ROOT}/Manifest.lock\" > /dev/null\nif [ $? != 0 ] ; then\n    # print error to STDERR\n    echo \"error: The sandbox is not in sync with the Podfile.lock. Run 'pod install' or update your CocoaPods installation.\" >&2\n    exit 1\nfi\n";
			showEnvVarsInLog = 0;
		};
		7754B4A23BDC63BE58CF2647 /* [CP] Embed Pods Frameworks */ = {
			isa = PBXShellScriptBuildPhase;
			buildActionMask = 2147483647;
			files = (
			);
			inputPaths = (
				"${SRCROOT}/Pods/Target Support Files/Pods-HouseHold/Pods-HouseHold-frameworks.sh",
				"${BUILT_PRODUCTS_DIR}/AVOSCloud/AVOSCloud.framework",
				"${BUILT_PRODUCTS_DIR}/Kingfisher/Kingfisher.framework",
				"${BUILT_PRODUCTS_DIR}/RxCocoa/RxCocoa.framework",
				"${BUILT_PRODUCTS_DIR}/RxGesture/RxGesture.framework",
				"${BUILT_PRODUCTS_DIR}/RxKeyboard/RxKeyboard.framework",
				"${BUILT_PRODUCTS_DIR}/RxSwift/RxSwift.framework",
				"${BUILT_PRODUCTS_DIR}/SnapKit/SnapKit.framework",
			);
			name = "[CP] Embed Pods Frameworks";
			outputPaths = (
				"${TARGET_BUILD_DIR}/${FRAMEWORKS_FOLDER_PATH}/AVOSCloud.framework",
				"${TARGET_BUILD_DIR}/${FRAMEWORKS_FOLDER_PATH}/Kingfisher.framework",
				"${TARGET_BUILD_DIR}/${FRAMEWORKS_FOLDER_PATH}/RxCocoa.framework",
				"${TARGET_BUILD_DIR}/${FRAMEWORKS_FOLDER_PATH}/RxGesture.framework",
				"${TARGET_BUILD_DIR}/${FRAMEWORKS_FOLDER_PATH}/RxKeyboard.framework",
				"${TARGET_BUILD_DIR}/${FRAMEWORKS_FOLDER_PATH}/RxSwift.framework",
				"${TARGET_BUILD_DIR}/${FRAMEWORKS_FOLDER_PATH}/SnapKit.framework",
			);
			runOnlyForDeploymentPostprocessing = 0;
			shellPath = /bin/sh;
			shellScript = "\"${SRCROOT}/Pods/Target Support Files/Pods-HouseHold/Pods-HouseHold-frameworks.sh\"\n";
			showEnvVarsInLog = 0;
		};
		D6B7E944BFB2A5CBB01BFB51 /* [CP] Copy Pods Resources */ = {
			isa = PBXShellScriptBuildPhase;
			buildActionMask = 2147483647;
			files = (
			);
			inputPaths = (
			);
			name = "[CP] Copy Pods Resources";
			outputPaths = (
			);
			runOnlyForDeploymentPostprocessing = 0;
			shellPath = /bin/sh;
			shellScript = "\"${SRCROOT}/Pods/Target Support Files/Pods-HouseHold/Pods-HouseHold-resources.sh\"\n";
			showEnvVarsInLog = 0;
		};
/* End PBXShellScriptBuildPhase section */

/* Begin PBXSourcesBuildPhase section */
		615C7BDF1F9A4DAE00B3D7FA /* Sources */ = {
			isa = PBXSourcesBuildPhase;
			buildActionMask = 2147483647;
			files = (
				618094E81FA217130031A006 /* UIImage+House.swift in Sources */,
				61CDF3741FCA8A10003C62DF /* Strategy.swift in Sources */,
				618094DB1F9F7D4D0031A006 /* BaseViewModel.swift in Sources */,
				615C7BE91F9A4DAE00B3D7FA /* ViewController.swift in Sources */,
				61CDF3691FB4939B003C62DF /* ImageCollectionCell.swift in Sources */,
				618F874A1F9E280900201826 /* HomeStrategyCell.swift in Sources */,
				944B5C011FCE42A600EFF8BB /* Topic.swift in Sources */,
				61CDF3701FB49458003C62DF /* UIView+Position.swift in Sources */,
				618094D91F9F7D0F0031A006 /* HomeViewModel.swift in Sources */,
				61CDF3681FB4939B003C62DF /* FolderModel.swift in Sources */,
				61CDF36A1FB4939B003C62DF /* ImageDetailViewController.swift in Sources */,
				615C7BE71F9A4DAE00B3D7FA /* AppDelegate.swift in Sources */,
				618094DF1F9F84DE0031A006 /* TopicModel.m in Sources */,
				615C7C131F9A4F1100B3D7FA /* BaseViewController.swift in Sources */,
				61CDF3761FCDA8F9003C62DF /* TopicView.swift in Sources */,
				61CDF3641FB4939B003C62DF /* ClipView.swift in Sources */,
				618094E51FA2163F0031A006 /* UIImage+HH.swift in Sources */,
				61CDF36E1FB4939B003C62DF /* UIImage+Clip.swift in Sources */,
				61CDF36C1FB4939B003C62DF /* ImagePicker.swift in Sources */,
				618094E31F9F86040031A006 /* StrategyModel.m in Sources */,
				944B5BFD1FCE402B00EFF8BB /* TopicSelectViewController.swift in Sources */,
				617A917C1FB0AD9E0065FF3A /* CreateStrategyHeaderView.swift in Sources */,
				61CDF36B1FB4939B003C62DF /* ImageListViewController.swift in Sources */,
				944B5C041FCE42C500EFF8BB /* TopicSelectCell.swift in Sources */,
				944C5F3B1FCD4DD5007C9E2C /* InputView.swift in Sources */,
				615C7C171F9A4F8100B3D7FA /* MyViewController.swift in Sources */,
				617A917E1FB0B0AD0065FF3A /* UIScreen+House.swift in Sources */,
				617A917A1FB0AD560065FF3A /* CreateStrategyViewController.swift in Sources */,
				61CDF3671FB4939B003C62DF /* FolderListViewModel.swift in Sources */,
				61CDF36D1FB4939B003C62DF /* ScalableImageView.swift in Sources */,
				61CDF3661FB4939B003C62DF /* FolderListViewController.swift in Sources */,
				944C5F381FCD4530007C9E2C /* CreateStrategyViewModel.swift in Sources */,
				944B5BFF1FCE425800EFF8BB /* TopicSelectViewModel.swift in Sources */,
				615C7C191F9A4FB600B3D7FA /* HHTabBarViewController.swift in Sources */,
				615C7C151F9A4F4400B3D7FA /* HomeViewController.swift in Sources */,
				61CDF3651FB4939B003C62DF /* FolderCell.swift in Sources */,
			);
			runOnlyForDeploymentPostprocessing = 0;
		};
/* End PBXSourcesBuildPhase section */

/* Begin PBXVariantGroup section */
		615C7BEA1F9A4DAF00B3D7FA /* Main.storyboard */ = {
			isa = PBXVariantGroup;
			children = (
				615C7BEB1F9A4DAF00B3D7FA /* Base */,
			);
			name = Main.storyboard;
			sourceTree = "<group>";
		};
		615C7BEF1F9A4DAF00B3D7FA /* LaunchScreen.storyboard */ = {
			isa = PBXVariantGroup;
			children = (
				615C7BF01F9A4DAF00B3D7FA /* Base */,
			);
			name = LaunchScreen.storyboard;
			sourceTree = "<group>";
		};
/* End PBXVariantGroup section */

/* Begin XCBuildConfiguration section */
		615C7BF31F9A4DAF00B3D7FA /* Debug */ = {
			isa = XCBuildConfiguration;
			buildSettings = {
				ALWAYS_SEARCH_USER_PATHS = NO;
				CLANG_ANALYZER_NONNULL = YES;
				CLANG_ANALYZER_NUMBER_OBJECT_CONVERSION = YES_AGGRESSIVE;
				CLANG_CXX_LANGUAGE_STANDARD = "gnu++14";
				CLANG_CXX_LIBRARY = "libc++";
				CLANG_ENABLE_MODULES = YES;
				CLANG_ENABLE_OBJC_ARC = YES;
				CLANG_WARN_BLOCK_CAPTURE_AUTORELEASING = YES;
				CLANG_WARN_BOOL_CONVERSION = YES;
				CLANG_WARN_COMMA = YES;
				CLANG_WARN_CONSTANT_CONVERSION = YES;
				CLANG_WARN_DIRECT_OBJC_ISA_USAGE = YES_ERROR;
				CLANG_WARN_DOCUMENTATION_COMMENTS = YES;
				CLANG_WARN_EMPTY_BODY = YES;
				CLANG_WARN_ENUM_CONVERSION = YES;
				CLANG_WARN_INFINITE_RECURSION = YES;
				CLANG_WARN_INT_CONVERSION = YES;
				CLANG_WARN_NON_LITERAL_NULL_CONVERSION = YES;
				CLANG_WARN_OBJC_LITERAL_CONVERSION = YES;
				CLANG_WARN_OBJC_ROOT_CLASS = YES_ERROR;
				CLANG_WARN_RANGE_LOOP_ANALYSIS = YES;
				CLANG_WARN_STRICT_PROTOTYPES = YES;
				CLANG_WARN_SUSPICIOUS_MOVE = YES;
				CLANG_WARN_UNGUARDED_AVAILABILITY = YES_AGGRESSIVE;
				CLANG_WARN_UNREACHABLE_CODE = YES;
				CLANG_WARN__DUPLICATE_METHOD_MATCH = YES;
				CODE_SIGN_IDENTITY = "iPhone Developer";
				COPY_PHASE_STRIP = NO;
				DEBUG_INFORMATION_FORMAT = dwarf;
				ENABLE_STRICT_OBJC_MSGSEND = YES;
				ENABLE_TESTABILITY = YES;
				GCC_C_LANGUAGE_STANDARD = gnu11;
				GCC_DYNAMIC_NO_PIC = NO;
				GCC_NO_COMMON_BLOCKS = YES;
				GCC_OPTIMIZATION_LEVEL = 0;
				GCC_PREPROCESSOR_DEFINITIONS = (
					"DEBUG=1",
					"$(inherited)",
				);
				GCC_WARN_64_TO_32_BIT_CONVERSION = YES;
				GCC_WARN_ABOUT_RETURN_TYPE = YES_ERROR;
				GCC_WARN_UNDECLARED_SELECTOR = YES;
				GCC_WARN_UNINITIALIZED_AUTOS = YES_AGGRESSIVE;
				GCC_WARN_UNUSED_FUNCTION = YES;
				GCC_WARN_UNUSED_VARIABLE = YES;
				IPHONEOS_DEPLOYMENT_TARGET = 9.0;
				MTL_ENABLE_DEBUG_INFO = YES;
				ONLY_ACTIVE_ARCH = YES;
				SDKROOT = iphoneos;
				SWIFT_ACTIVE_COMPILATION_CONDITIONS = DEBUG;
				SWIFT_OPTIMIZATION_LEVEL = "-Onone";
			};
			name = Debug;
		};
		615C7BF41F9A4DAF00B3D7FA /* Release */ = {
			isa = XCBuildConfiguration;
			buildSettings = {
				ALWAYS_SEARCH_USER_PATHS = NO;
				CLANG_ANALYZER_NONNULL = YES;
				CLANG_ANALYZER_NUMBER_OBJECT_CONVERSION = YES_AGGRESSIVE;
				CLANG_CXX_LANGUAGE_STANDARD = "gnu++14";
				CLANG_CXX_LIBRARY = "libc++";
				CLANG_ENABLE_MODULES = YES;
				CLANG_ENABLE_OBJC_ARC = YES;
				CLANG_WARN_BLOCK_CAPTURE_AUTORELEASING = YES;
				CLANG_WARN_BOOL_CONVERSION = YES;
				CLANG_WARN_COMMA = YES;
				CLANG_WARN_CONSTANT_CONVERSION = YES;
				CLANG_WARN_DIRECT_OBJC_ISA_USAGE = YES_ERROR;
				CLANG_WARN_DOCUMENTATION_COMMENTS = YES;
				CLANG_WARN_EMPTY_BODY = YES;
				CLANG_WARN_ENUM_CONVERSION = YES;
				CLANG_WARN_INFINITE_RECURSION = YES;
				CLANG_WARN_INT_CONVERSION = YES;
				CLANG_WARN_NON_LITERAL_NULL_CONVERSION = YES;
				CLANG_WARN_OBJC_LITERAL_CONVERSION = YES;
				CLANG_WARN_OBJC_ROOT_CLASS = YES_ERROR;
				CLANG_WARN_RANGE_LOOP_ANALYSIS = YES;
				CLANG_WARN_STRICT_PROTOTYPES = YES;
				CLANG_WARN_SUSPICIOUS_MOVE = YES;
				CLANG_WARN_UNGUARDED_AVAILABILITY = YES_AGGRESSIVE;
				CLANG_WARN_UNREACHABLE_CODE = YES;
				CLANG_WARN__DUPLICATE_METHOD_MATCH = YES;
				CODE_SIGN_IDENTITY = "iPhone Developer";
				COPY_PHASE_STRIP = NO;
				DEBUG_INFORMATION_FORMAT = "dwarf-with-dsym";
				ENABLE_NS_ASSERTIONS = NO;
				ENABLE_STRICT_OBJC_MSGSEND = YES;
				GCC_C_LANGUAGE_STANDARD = gnu11;
				GCC_NO_COMMON_BLOCKS = YES;
				GCC_WARN_64_TO_32_BIT_CONVERSION = YES;
				GCC_WARN_ABOUT_RETURN_TYPE = YES_ERROR;
				GCC_WARN_UNDECLARED_SELECTOR = YES;
				GCC_WARN_UNINITIALIZED_AUTOS = YES_AGGRESSIVE;
				GCC_WARN_UNUSED_FUNCTION = YES;
				GCC_WARN_UNUSED_VARIABLE = YES;
				IPHONEOS_DEPLOYMENT_TARGET = 9.0;
				MTL_ENABLE_DEBUG_INFO = NO;
				SDKROOT = iphoneos;
				SWIFT_OPTIMIZATION_LEVEL = "-Owholemodule";
				VALIDATE_PRODUCT = YES;
			};
			name = Release;
		};
		615C7BF61F9A4DAF00B3D7FA /* Debug */ = {
			isa = XCBuildConfiguration;
			baseConfigurationReference = A9CAEF116284A113599D6EC2 /* Pods-HouseHold.debug.xcconfig */;
			buildSettings = {
				ASSETCATALOG_COMPILER_APPICON_NAME = AppIcon;
				CLANG_ENABLE_MODULES = YES;
				CODE_SIGN_STYLE = Automatic;
				DEVELOPMENT_TEAM = LWHVHZ3462;
				INFOPLIST_FILE = HouseHold/Info.plist;
				LD_RUNPATH_SEARCH_PATHS = "$(inherited) @executable_path/Frameworks";
				PRODUCT_BUNDLE_IDENTIFIER = com.wushujun.HouseHold;
				PRODUCT_NAME = "$(TARGET_NAME)";
				SWIFT_OBJC_BRIDGING_HEADER = "HouseHold/HouseHold-Bridging-Header.h";
				SWIFT_OPTIMIZATION_LEVEL = "-Onone";
				SWIFT_VERSION = 4.0;
				TARGETED_DEVICE_FAMILY = "1,2";
			};
			name = Debug;
		};
		615C7BF71F9A4DAF00B3D7FA /* Release */ = {
			isa = XCBuildConfiguration;
			baseConfigurationReference = 0D562E5631FAB0597B8ED51F /* Pods-HouseHold.release.xcconfig */;
			buildSettings = {
				ASSETCATALOG_COMPILER_APPICON_NAME = AppIcon;
				CLANG_ENABLE_MODULES = YES;
				CODE_SIGN_STYLE = Automatic;
				DEVELOPMENT_TEAM = LWHVHZ3462;
				INFOPLIST_FILE = HouseHold/Info.plist;
				LD_RUNPATH_SEARCH_PATHS = "$(inherited) @executable_path/Frameworks";
				PRODUCT_BUNDLE_IDENTIFIER = com.wushujun.HouseHold;
				PRODUCT_NAME = "$(TARGET_NAME)";
				SWIFT_OBJC_BRIDGING_HEADER = "HouseHold/HouseHold-Bridging-Header.h";
				SWIFT_VERSION = 4.0;
				TARGETED_DEVICE_FAMILY = "1,2";
			};
			name = Release;
		};
/* End XCBuildConfiguration section */

/* Begin XCConfigurationList section */
		615C7BDE1F9A4DAE00B3D7FA /* Build configuration list for PBXProject "HouseHold" */ = {
			isa = XCConfigurationList;
			buildConfigurations = (
				615C7BF31F9A4DAF00B3D7FA /* Debug */,
				615C7BF41F9A4DAF00B3D7FA /* Release */,
			);
			defaultConfigurationIsVisible = 0;
			defaultConfigurationName = Release;
		};
		615C7BF51F9A4DAF00B3D7FA /* Build configuration list for PBXNativeTarget "HouseHold" */ = {
			isa = XCConfigurationList;
			buildConfigurations = (
				615C7BF61F9A4DAF00B3D7FA /* Debug */,
				615C7BF71F9A4DAF00B3D7FA /* Release */,
			);
			defaultConfigurationIsVisible = 0;
			defaultConfigurationName = Release;
		};
/* End XCConfigurationList section */
	};
	rootObject = 615C7BDB1F9A4DAE00B3D7FA /* Project object */;
}
